
Microsoft Visual Studio Solution File, Format Version 11.00
# Visual Studio 2010
Project("{FAE04EC0-301F-11D3-BF4B-00C04F79EFBC}") = "Assembly-CSharp", "Assembly-CSharp.csproj", "{116C624D-D40A-4ABA-1280-2100B5D93200}"
EndProject
Project("{FAE04EC0-301F-11D3-BF4B-00C04F79EFBC}") = "Assembly-CSharp-Editor", "Assembly-CSharp-Editor.csproj", "{FD53635B-1B9C-D939-3A7E-636E3A451FDD}"
EndProject
Global
	GlobalSection(SolutionConfigurationPlatforms) = preSolution
		Debug|Any CPU = Debug|Any CPU
		Release|Any CPU = Release|Any CPU
	EndGlobalSection
	GlobalSection(ProjectConfigurationPlatforms) = postSolution
		{116C624D-D40A-4ABA-1280-2100B5D93200}.Debug|Any CPU.ActiveCfg = Debug|Any CPU
		{116C624D-D40A-4ABA-1280-2100B5D93200}.Debug|Any CPU.Build.0 = Debug|Any CPU
		{116C624D-D40A-4ABA-1280-2100B5D93200}.Release|Any CPU.ActiveCfg = Release|Any CPU
		{116C624D-D40A-4ABA-1280-2100B5D93200}.Release|Any CPU.Build.0 = Release|Any CPU
		{FD53635B-1B9C-D939-3A7E-636E3A451FDD}.Debug|Any CPU.ActiveCfg = Debug|Any CPU
		{FD53635B-1B9C-D939-3A7E-636E3A451FDD}.Debug|Any CPU.Build.0 = Debug|Any CPU
		{FD53635B-1B9C-D939-3A7E-636E3A451FDD}.Release|Any CPU.ActiveCfg = Release|Any CPU
		{FD53635B-1B9C-D939-3A7E-636E3A451FDD}.Release|Any CPU.Build.0 = Release|Any CPU
	EndGlobalSection
	GlobalSection(SolutionProperties) = preSolution
		HideSolutionNode = FALSE
	EndGlobalSection
EndGlobal
